{
  "version": "5",
  "specifiers": {
    "npm:@block65/webcrypto-web-push@2": "2.0.0",
    "npm:@sentry/deno@11": "11.0.0",
    "npm:@supabase/supabase-js@^2.116.0": "2.117.1"
  },
  "npm": {
    "@block65/webcrypto-web-push@2.0.0": {
      "integrity": "sha512-BMrw8hABq5krABWPy3zFJvBC73HeRkyT/GTZ2AD7wqzo9hd9vO56MstBqjGMIxIw3e4lbRUbYxgihCcfhoTI2g==",
      "dependencies": [
        "uint8array-extras"
      ]
    },
    "@opentelemetry/api@1.9.1": {
      "integrity": "sha512-gLyJlPHPZYdAk1JENA9LeHejZe1Ti77/pTeFm/nMXmQH/HFZlcS/O2XJB+L8fkbrNSqhdtlvjBVjxwUYanNH5Q=="
    },
    "@sentry/conventions@0.23.0": {
      "integrity": "sha512-+Euyo7CNVecoOusgUnq27oV97oshifgceKfnGnuKfXrPUVWA/cisvii3E1rlvy2yBrKvl9K1gCEo1Jqog5zjEQ=="
    },
    "@sentry/core@11.0.0": {
      "integrity": "sha512-Sdmg21POKmNwZDz8pH/2FtilWeryh3yxhRxbfA1ph8SnX2DkXoqX6G+uXyjCSYagW2pefVklmSNeWHmUlSqioA==",
      "dependencies": [
        "@sentry/conventions"
      ]
    },
    "@sentry/deno@11.0.0": {
      "integrity": "sha512-wPWz0in1aMW3TnacJMeQkAtd10NFBAiyHUd2WiRbmN7kxJ3IF263XEz80ZfW2BqhY8y1Lw6MeFJiJ+0p5ZnvFg==",
      "dependencies": [
        "@opentelemetry/api",
        "@sentry/conventions",
        "@sentry/core",
        "@sentry/server-runtime-injection",
        "@sentry/server-utils"
      ]
    },
    "@sentry/server-runtime-injection@11.0.0": {
      "integrity": "sha512-AE39xdGbi8WmcB9LtITuvJkp+sYxkPAR+3lRG4MYrJLVQS+YeYfn/AaZdEXOhnOagdpozsDbpEneGJn6vD8p6Q==",
      "dependencies": [
        "@sentry/core",
        "@sentry/server-utils"
      ]
    },
    "@sentry/server-utils@11.0.0": {
      "integrity": "sha512-XlKDtLoNqOhI+TgCNywan/tFy0yMRzw5+8mdp96KNHtF/YwO9s6c7qZcBG0x8+XDyC0EoNXDlBPJOMEZo5lD4Q==",
      "dependencies": [
        "@opentelemetry/api",
        "@sentry/conventions",
        "@sentry/core"
      ]
    },
    "@supabase/auth-js@2.117.1": {
      "integrity": "sha512-3vJpc5thxaovbZ2zrWagzp/ZtCcXpQk1xftinzneNB1XLdhAmjqChOnj2Y8wpriYEFVvlqC+sFbR0JBUi83hDA==",
      "dependencies": [
        "tslib"
      ]
    },
    "@supabase/functions-js@2.117.1": {
      "integrity": "sha512-yyMIbEPMDXmjpjWe7WKd7en3mn6q4eDGLHEQVPcqWQIyC1hC7xa3po+o4cWSyItI6a6GYY/voDUpwhZmkxjcPw==",
      "dependencies": [
        "tslib"
      ]
    },
    "@supabase/phoenix@0.4.5": {
      "integrity": "sha512-aAn9H9ovVyeApKy11OWOrrOGq8DV68yWeH4ud2lN9fzn4aO8Zb5GLL9m1pUg9nLqIcT+ZDfAcsZe0E/nqdv2lw=="
    },
    "@supabase/postgrest-js@2.117.1": {
      "integrity": "sha512-2a7we4uKXA1d94CUc02MpUj+LzZWO3qm8fH2PDq60tVt0T6KQTIiMmEsRD53lrnwZA9C3SsaKL3mk4DiDH6GvQ==",
      "dependencies": [
        "tslib"
      ]
    },
    "@supabase/realtime-js@2.117.1": {
      "integrity": "sha512-GkbZfeh5F5aqnUhG1chrdaVQmnRK8ZUL8H16Km/eVVsX99x0w2AijfxjONCB9YKgrXArcnMsKSJzOIQGCv+qvQ==",
      "dependencies": [
        "@supabase/phoenix",
        "tslib"
      ]
    },
    "@supabase/storage-js@2.117.1": {
      "integrity": "sha512-ytDQbELKKzIVStLkShxTTK5FT4vds12eXF5QfW+gTHVvO7cB3VKZ7Hu2wkUaJlDZCaUfFdih3vznF6P8kNkJQg==",
      "dependencies": [
        "iceberg-js",
        "tslib"
      ]
    },
    "@supabase/supabase-js@2.117.1": {
      "integrity": "sha512-VcyiuXF0jZFbN4GcHtytSGNwfXnRJwlxjGFZxeEmRVgSLSbaoHk2Avyg49/aEdTJGBSz5vK1L7uhYiYdfl0Axw==",
      "dependencies": [
        "@supabase/auth-js",
        "@supabase/functions-js",
        "@supabase/postgrest-js",
        "@supabase/realtime-js",
        "@supabase/storage-js"
      ]
    },
    "iceberg-js@0.8.1": {
      "integrity": "sha512-1dhVQZXhcHje7798IVM+xoo/1ZdVfzOMIc8/rgVSijRK38EDqOJoGula9N/8ZI5RD8QTxNQtK/Gozpr+qUqRRA=="
    },
    "tslib@2.8.1": {
      "integrity": "sha512-oJFu94HQb+KVduSUQL7wnpmqnfmLsOA/nAh6b6EH0wCEoK0/mPeXU6c3wKDV83MkOuHPRHtSXKKU99IBazS/2w=="
    },
    "uint8array-extras@1.5.0": {
      "integrity": "sha512-rvKSBiC5zqCCiDZ9kAOszZcDvdAHwwIKJG33Ykj43OKcWsnmcBRL09YTU4nOeHZ8Y2a7l1MgTd08SBe9A8Qj6A=="
    }
  },
  "workspace": {
    "dependencies": [
      "npm:@block65/webcrypto-web-push@2",
      "npm:@sentry/deno@11",
      "npm:@supabase/supabase-js@^2.116.0"
    ]
  }
}
